code.cloudfoundry.org/bytefmt v0.0.0-20180906201452-2aa6f33b730c h1:VzwteSWGbW9mxXTEkH+kpnao5jbgLynw3hq742juQh8=
code.cloudfoundry.org/bytefmt v0.0.0-20180906201452-2aa6f33b730c/go.mod h1:wN/zk7mhREp/oviagqUXY3EwuHhWyOvAdsn5Y4CzOrc=
code.cloudfoundry.org/cli v6.43.0+incompatible h1:jAaPyHN5Hb2r2sR9i8Y8ejKPiPpuBYMaHBFyKVmQ7T4=
code.cloudfoundry.org/cli v6.43.0+incompatible/go.mod h1:e4d+EpbwevNhyTZKybrLlyTvpH+W22vMsmdmcTxs/Fo=
code.cloudfoundry.org/gofileutils v0.0.0-20170111115228-4d0c80011a0f h1:UrKzEwTgeiff9vxdrfdqxibzpWjxLnuXDI5m6z3GJAk=
code.cloudfoundry.org/gofileutils v0.0.0-20170111115228-4d0c80011a0f/go.mod h1:sk5LnIjB/nIEU7yP5sDQExVm62wu0pBh3yrElngUisI=
code.cloudfoundry.org/ykk v0.0.0-20170424192843-e4df4ce2fd4d h1:M+zXqtXJqcsmpL76aU0tdl1ho23eYa4axYoM4gD62UA=
code.cloudfoundry.org/ykk v0.0.0-20170424192843-e4df4ce2fd4d/go.mod h1:YUJiVOr5xl0N/RjMxM1tHmgSpBbi5UM+KoVR5AoejO0=
github.com/SermoDigital/jose v0.9.2-0.20180104203859-803625baeddc h1:MhBvG7RLaLqlyjxMR6of35vt6MVQ+eXMcgn9X/sy0FE=
github.com/SermoDigital/jose v0.9.2-0.20180104203859-803625baeddc/go.mod h1:ARgCUhI1MHQH+ONky/PAtmVHQrP5JlGY0F3poXOp/fA=
github.com/apoydence/eachers v0.0.0-20181020210610-23942921fe77 h1:afT88tB6u9JCKQZVAAaa9ICz/uGn5Uw9ekn6P22mYKM=
github.com/apoydence/eachers v0.0.0-20181020210610-23942921fe77/go.mod h1:bXvGk6IkT1Agy7qzJ+DjIw/SJ1AaB3AvAuMDVV+Vkoo=
github.com/blang/semver v3.5.1+incompatible h1:cQNTCjp13qL8KC3Nbxr/y2Bqb63oX6wdnnjpJbkM4JQ=
github.com/blang/semver v3.5.1+incompatible/go.mod h1:kRBLl5iJ+tD4TcOOxsy/0fnwebNt5EWlYSAyrTnjyyk=
github.com/bmatcuk/doublestar v1.1.1 h1:YroD6BJCZBYx06yYFEWvUuKVWQn3vLLQAVmDmvTSaiQ=
github.com/bmatcuk/doublestar v1.1.1/go.mod h1:UD6OnuiIn0yFxxA2le/rnRU1G4RaI4UvFv1sNto9p6w=
github.com/bmizerany/pat v0.0.0-20170815010413-6226ea591a40 h1:y4B3+GPxKlrigF1ha5FFErxK+sr6sWxQovRMzwMhejo=
github.com/bmizerany/pat v0.0.0-20170815010413-6226ea591a40/go.mod h1:8rLXio+WjiTceGBHIoTvn60HIbs7Hm7bcHjyrSqYB9c=
github.com/charlievieth/fs v0.0.0-20170613215519-7dc373669fa1 h1:vTlpHKxJqykyKdW9bkrDJNWeKNuSIAJ0TP/K4lRsz/Q=
github.com/charlievieth/fs v0.0.0-20170613215519-7dc373669fa1/go.mod h1:sAoA1zHCH4FJPE2gne5iBiiVG66U7Nyp6JqlOo+FEyg=
github.com/cloudfoundry/bosh-cli v5.4.0+incompatible h1:KpT2PBB7nP1QnK8guXeZ/D2k7FZYAOxcveKgYTDEDBI=
github.com/cloudfoundry/bosh-cli v5.4.0+incompatible/go.mod h1:rzIB+e1sn7wQL/TJ54bl/FemPKRhXby5BIMS3tLuWFM=
github.com/cloudfoundry/bosh-utils v0.0.0-20181224171034-c2cf699102bd h1:MoLE+6GJml+nqHFXKXQSQsmRieKgyyttAYDUIK2YNfY=
github.com/cloudfoundry/bosh-utils v0.0.0-20181224171034-c2cf699102bd/go.mod h1:JCrKwetZGjxbfq1U139TZuXDBfdGLtjOEAfxMWKV/QM=
github.com/cloudfoundry/cli-plugin-repo v0.0.0-20190104190220-e4bd50eef574 h1:Kc+G5G9VOp6k7zE1vNoUzIsIFqi9iwZhSpwnQSflmZc=
github.com/cloudfoundry/cli-plugin-repo v0.0.0-20190104190220-e4bd50eef574/go.mod h1:yC/5vqtuzGhS40ZSeBtWvDMMrfdSeG673lF91gu5K+Y=
github.com/cloudfoundry/noaa v2.1.1-0.20190110210640-5ce49363dfa6+incompatible h1:kXzOyUKUpx5VMNXKU5v8I1lGqcdU2DYYCYtBrfILmLI=
github.com/cloudfoundry/noaa v2.1.1-0.20190110210640-5ce49363dfa6+incompatible/go.mod h1:5LmacnptvxzrTvMfL9+EJhgkUfIgcwI61BVSTh47ECo=
github.com/cloudfoundry/sonde-go v0.0.0-20171206171820-b33733203bb4 h1:cWfya7mo/zbnwYVio6eWGsFJHqYw4/k/uhwIJ1eqRPI=
github.com/cloudfoundry/sonde-go v0.0.0-20171206171820-b33733203bb4/go.mod h1:GS0pCHd7onIsewbw8Ue9qa9pZPv2V88cUZDttK6KzgI=
github.com/cppforlife/go-patch v0.2.0 h1:Y14MnCQjDlbw7WXT4k+u6DPAA9XnygN4BfrSpI/19RU=
github.com/cppforlife/go-patch v0.2.0/go.mod h1:67a7aIi94FHDZdoeGSJRRFDp66l9MhaAG1yGxpUoFD8=
github.com/creack/pty v1.1.7 h1:6pwm8kMQKCmgUg0ZHTm5+/YvRK0s3THD/28+T6/kk4A=
github.com/creack/pty v1.1.7/go.mod h1:lj5s0c3V2DBrqTV7llrYr5NG6My20zk30Fl46Y7DoTY=
github.com/cyphar/filepath-securejoin v0.2.3-0.20180917084801-7be40bd7da2b h1:nOJwfQCXg2Ko28llQEinPA4r9UT4GKcbQZ/nULuu9+o=
github.com/cyphar/filepath-securejoin v0.2.3-0.20180917084801-7be40bd7da2b/go.mod h1:FpkQEhXnPnOthhzymB7CGsFk2G9VLXONKD9G7QGMM+4=
github.com/davecgh/go-spew v1.1.1 h1:vj9j/u1bqnvCEfJOwUhtlOARqs3+rkHYY13jYWTU97c=
github.com/davecgh/go-spew v1.1.1/go.mod h1:J7Y8YcW2NihsgmVo/mv3lAwl/skON4iLHjSsI+c5H38=
github.com/elazarl/goproxy v0.0.0-20200220113713-29f9e0ba54ea h1:Pf0FRY8bgSLhJ9QWI0WBawwPUOXBPJII43d/Xml+3ck=
github.com/elazarl/goproxy v0.0.0-20200220113713-29f9e0ba54ea/go.mod h1:Ro8st/ElPeALwNFlcTpWmkr6IoMFfkjXAvTHpevnDsM=
github.com/elazarl/goproxy/ext v0.0.0-20190711103511-473e67f1d7d2/go.mod h1:gNh8nYJoAm43RfaxurUnxr+N1PwuFV3ZMl/efxlIlY8=
github.com/elazarl/goproxy/ext v0.0.0-20200220113713-29f9e0ba54ea h1:OnKFmy9olX06KmE90IX8g1audCEYv9jjjqCl/Qj55yU=
github.com/elazarl/goproxy/ext v0.0.0-20200220113713-29f9e0ba54ea/go.mod h1:gNh8nYJoAm43RfaxurUnxr+N1PwuFV3ZMl/efxlIlY8=
github.com/fatih/color v1.7.1-0.20181010231311-3f9d52f7176a h1:AX/sSlGNYW3wDaDEp08Wm/SZ23jKd6p2KVNZoBtLSWM=
github.com/fatih/color v1.7.1-0.20181010231311-3f9d52f7176a/go.mod h1:Zm6kSWBoL9eyXnKyktHP6abPY2pDugNf5KwzbycvMj4=
github.com/gogo/protobuf v1.2.1-0.20181231100452-8e4a75f11384 h1:d63arg0jJxDY2q6ZLMhXkf+jTDqsa6nwElqqTeV9ey0=
github.com/gogo/protobuf v1.2.1-0.20181231100452-8e4a75f11384/go.mod h1:hp+jE20tsWTFYpLwKvXlhS1hjn+gTNwPg2I6zVXpSg4=
github.com/golang/protobuf v1.3.4 h1:87PNWwrRvUSnqS4dlcBU/ftvOIBep4sYuBLlh6rX2wk=
github.com/golang/protobuf v1.3.4/go.mod h1:vzj43D7+SQXF/4pzW/hwtAqwc6iTitCiVSaWz5lYuqw=
github.com/google/go-querystring v1.0.0 h1:Xkwi/a1rcvNg1PPYe5vI8GbeBY/jrVuDX5ASuANWTrk=
github.com/google/go-querystring v1.0.0/go.mod h1:odCYkC5MyYFN7vkCjXpyrEuKhc/BUO6wN/zVPAxq5ck=
github.com/gorilla/websocket v1.4.1 h1:q7AeDBpnBk8AogcD4DSag/Ukw/KV+YhzLj2bP5HvKCM=
github.com/gorilla/websocket v1.4.1/go.mod h1:YR8l580nyteQvAITg2hZ9XVh4b55+EU/adAjf1fMHhE=
github.com/happytobi/cf-puppeteer v0.0.0-20200309133627-b3fea1511b44 h1:xVUZYXKcm+juOQVjpnnxPWfsp/AIJrpU0aYeCzOhPlw=
github.com/happytobi/cf-puppeteer v0.0.0-20200309133627-b3fea1511b44/go.mod h1:RoYgmQyhSm3jTvzkiTn4vi+hVhRmB0tnuoUsL9LkWUU=
github.com/kisielk/errcheck v1.1.0/go.mod h1:EZBBE59ingxPouuu3KfxchcWSUPOHkagtvWXihfKN4Q=
github.com/kisielk/gotool v1.0.0/go.mod h1:XhKaO+MFFWcvkIS/tQcRk01m1F5IRFswLeQ+oQHNcck=
github.com/konsorten/go-windows-terminal-sequences v1.0.1 h1:mweAR1A6xJ3oS2pRaGiHgQ4OO8tzTaLawm8vnODuwDk=
github.com/konsorten/go-windows-terminal-sequences v1.0.1/go.mod h1:T0+1ngSBFLxvqU3pZ+m/2kptfBszLMUkC4ZK/EgS/cQ=
github.com/kr/pty v1.1.8 h1:AkaSdXYQOWeaO3neb8EM634ahkXXe3jYbVh/F9lq+GI=
github.com/kr/pty v1.1.8/go.mod h1:O1sed60cT9XZ5uDucP5qwvh+TE3NnUj51EiZO/lmSfw=
github.com/lunixbochs/vtclean v0.0.0-20180621232353-2d01aacdc34a h1:weJVJJRzAJBFRlAiJQROKQs8oC9vOxvm4rZmBBk0ONw=
github.com/lunixbochs/vtclean v0.0.0-20180621232353-2d01aacdc34a/go.mod h1:pHhQNgMf3btfWnGBVipUOjRYhoOsdGqdm/+2c2E2WMI=
github.com/mailru/easyjson v0.7.1 h1:mdxE1MF9o53iCb2Ghj1VfWvh7ZOwHpnVG/xwXrV90U8=
github.com/mailru/easyjson v0.7.1/go.mod h1:KAzv3t3aY1NaHWoQz1+4F1ccyAH66Jk7yos7ldAVICs=
github.com/mattn/go-colorable v0.1.0 h1:v2XXALHHh6zHfYTJ+cSkwtyffnaOyR1MXaA91mTrb8o=
github.com/mattn/go-colorable v0.1.0/go.mod h1:9vuHe8Xs5qXnSaW/c/ABM9alt+Vo+STaOChaDxuIBZU=
github.com/mattn/go-isatty v0.0.5-0.20180830101745-3fb116b82035 h1:USWjF42jDCSEeikX/G1g40ZWnsPXN5WkZ4jMHZWyBK4=
github.com/mattn/go-isatty v0.0.5-0.20180830101745-3fb116b82035/go.mod h1:M+lRXTBqGeGNdLjl/ufCoiOlB5xdOkqRJdNxMWT7Zi4=
github.com/mattn/go-runewidth v0.0.5-0.20181218000649-703b5e6b11ae h1:575usOHCDzxtuyWeSjPySew7uvoOuaCsM0uUesjgAo4=
github.com/mattn/go-runewidth v0.0.5-0.20181218000649-703b5e6b11ae/go.mod h1:H031xJmbD/WCDINGzjvQ9THkh0rPKHF+m2gUSrubnMI=
github.com/nu7hatch/gouuid v0.0.0-20131221200532-179d4d0c4d8d h1:VhgPp6v9qf9Agr/56bj7Y/xa04UccTW04VP0Qed4vnQ=
github.com/nu7hatch/gouuid v0.0.0-20131221200532-179d4d0c4d8d/go.mod h1:YUTz3bUH2ZwIWBy3CJBeOBEugqcmXREj14T+iG/4k4U=
github.com/onsi/ginkgo v1.4.0 h1:n60/4GZK0Sr9O2iuGKq876Aoa0ER2ydgpMOBwzJ8e2c=
github.com/onsi/ginkgo v1.4.0/go.mod h1:lLunBs/Ym6LB5Z9jYTR76FiuTmxDTDusOGeTQH+WWjE=
github.com/onsi/gomega v1.3.0 h1:yPHEatyQC4jN3vdfvqJXG7O9vfC6LhaAV1NEdYpP+h0=
github.com/onsi/gomega v1.3.0/go.mod h1:C1qb7wdrVGGVU+Z6iS04AVkA3Q65CEZX59MT0QO5uiA=
github.com/pkg/errors v0.8.2-0.20190109061628-ffb6e22f0193 h1:0+zEoO0EfrvcxHtYt+VS+OGlNllWCScvxyiUupfkbXY=
github.com/pkg/errors v0.8.2-0.20190109061628-ffb6e22f0193/go.mod h1:bwawxfHBFNV+L2hUp1rHADufV3IMtnDRdf1r5NINEl0=
github.com/pmezard/go-difflib v1.0.0 h1:4DBwDE0NGyQoBHbLQYPwSUPoCMWR5BEzIk/f1lZbAQM=
github.com/pmezard/go-difflib v1.0.0/go.mod h1:iKH77koFhYxTK1pcRnkKkqfTogsbg7gZNVY4sRDYZ/4=
github.com/poy/eachers v0.0.0-20181020210610-23942921fe77 h1:SNdqPRvRsVmYR0gKqFvrUKhFizPJ6yDiGQ++VAJIoDg=
github.com/poy/eachers v0.0.0-20181020210610-23942921fe77/go.mod h1:x1vqpbcMW9T/KRcQ4b48diSiSVtYgvwQ5xzDByEg4WE=
github.com/rogpeppe/go-charset v0.0.0-20180617210344-2471d30d28b4/go.mod h1:qgYeAmZ5ZIpBWTGllZSQnw97Dj+woV0toclVaRGI8pc=
github.com/sirupsen/logrus v1.3.1-0.20190111192221-78fb3852d926 h1:rEphbIReNJj2Hmh2/+xCkrI+JvfE9cI+FC/vU5BnWpE=
github.com/sirupsen/logrus v1.3.1-0.20190111192221-78fb3852d926/go.mod h1:LxeOpSwHxABJmUn/MG1IvRgCAasNZTLOkJPxbbu5VWo=
github.com/stretchr/objx v0.1.1/go.mod h1:HFkY916IF+rwdDfMAkV7OtwuqBVzrE8GR6GFx+wExME=
github.com/stretchr/testify v1.2.2 h1:bSDNvY7ZPG5RlJ8otE/7V6gMiyenm9RtJ7IUVIAoJ1w=
github.com/stretchr/testify v1.2.2/go.mod h1:a8OnRcib4nhh0OaRAV+Yts87kKdq0PP7pXfy6kDkUVs=
github.com/tedsuo/rata v1.0.1-0.20170830210128-07d200713958 h1:mueRRuRjR35dEOkHdhpoRcruNgBz0ohG659HxxmcAwA=
github.com/tedsuo/rata v1.0.1-0.20170830210128-07d200713958/go.mod h1:X47ELzhOoLbfFIY0Cql9P6yo3Cdwf2CMX3FVZxRzJPc=
github.com/vito/go-interact v0.0.0-20171111012221-fa338ed9e9ec h1:Klu98tQ9Z1t23gvC7p7sCmvxkZxLhBHLNyrUPsWsYFg=
github.com/vito/go-interact v0.0.0-20171111012221-fa338ed9e9ec/go.mod h1:wPlfmglZmRWMYv/qJy3P+fK/UnoQB5ISk4txfNd9tDo=
golang.org/x/crypto v0.0.0-20180904163835-0709b304e793/go.mod h1:6SG95UA2DQfeDnfUPMdvaQW0Q7yPrPDi9nlGo2tz2b4=
golang.org/x/crypto v0.0.0-20190103213133-ff983b9c42bc h1:F5tKCVGp+MUAHhKp5MZtGqAlGX3+oCsiL1Q629FL90M=
golang.org/x/crypto v0.0.0-20190103213133-ff983b9c42bc/go.mod h1:6SG95UA2DQfeDnfUPMdvaQW0Q7yPrPDi9nlGo2tz2b4=
golang.org/x/net v0.0.0-20190110200230-915654e7eabc h1:Yx9JGxI1SBhVLFjpAkWMaO1TF+xyqtHLjZpvQboJGiM=
golang.org/x/net v0.0.0-20190110200230-915654e7eabc/go.mod h1:mL1N/T3taQHkDXs73rZJwtUhF3w3ftmwwsq0BUmARs4=
golang.org/x/sys v0.0.0-20180905080454-ebe1bf3edb33/go.mod h1:STP8DvDyc/dI5b8T5hshtkjS+E42TnysNCUPdjciGhY=
golang.org/x/sys v0.0.0-20190116161447-11f53e031339 h1:g/Jesu8+QLnA0CPzF3E1pURg0Byr7i6jLoX5sqjcAh0=
golang.org/x/sys v0.0.0-20190116161447-11f53e031339/go.mod h1:STP8DvDyc/dI5b8T5hshtkjS+E42TnysNCUPdjciGhY=
golang.org/x/text v0.3.1-0.20181227161524-e6919f6577db h1:6/JqlYfC1CCaLnGceQTI+sDGhC9UBSPAsBqI0Gun6kU=
golang.org/x/text v0.3.1-0.20181227161524-e6919f6577db/go.mod h1:bEr9sfX3Q8Zfm5fL9x+3itogRgK3+ptLWKqgva+5dAk=
golang.org/x/tools v0.0.0-20180221164845-07fd8470d635/go.mod h1:n7NCudcB/nEzxVGmLbDWY5pfWTLqBcC2KZ6jyYvM4mQ=
golang.org/x/tools v0.0.0-20180917221912-90fa682c2a6e/go.mod h1:n7NCudcB/nEzxVGmLbDWY5pfWTLqBcC2KZ6jyYvM4mQ=
gopkg.in/check.v1 v0.0.0-20161208181325-20d25e280405 h1:yhCVgyC4o1eVCa2tZl7eS0r+SDo693bJlVdllGtEeKM=
gopkg.in/check.v1 v0.0.0-20161208181325-20d25e280405/go.mod h1:Co6ibVJAznAaIkqp8huTwlJQCZ016jof/cbN4VW5Yz0=
gopkg.in/cheggaaa/pb.v1 v1.0.27 h1:kJdccidYzt3CaHD1crCFTS1hxyhSi059NhOFUf03YFo=
gopkg.in/cheggaaa/pb.v1 v1.0.27/go.mod h1:V/YB90LKu/1FcN3WVnfiiE5oMCibMjukxqG/qStrOgw=
gopkg.in/yaml.v2 v2.2.2 h1:ZCJp+EgiOT7lHqUV2J862kp8Qj64Jo6az82+3Td9dZw=
gopkg.in/yaml.v2 v2.2.2/go.mod h1:hI93XBmqTisBFMUTm0b8Fm+jr3Dg1NNxqwp+5A1VGuI=
